{
    "_meta": {
        "hash": {
            "sha256": "7264b46cf8f7b5ce3c16ab2effc414b09a380256a2fc7c5680f56e05207d1347"
        },
        "pipfile-spec": 6,
        "requires": {
            "python_version": "3.7"
        },
        "sources": [
            {
                "name": "pypi",
                "url": "https://pypi.org/simple",
                "verify_ssl": true
            }
        ]
    },
    "default": {
        "attrs": {
            "hashes": [
                "sha256:08a96c641c3a74e44eb59afb61a24f2cb9f4d7188748e76ba4bb5edfa3cb7d1c",
                "sha256:f7b7ce16570fe9965acd6d30101a28f62fb4a7f9e926b3bbc9b61f8b04247e72"
            ],
            "markers": "python_version >= '2.7' and python_version not in '3.0, 3.1, 3.2, 3.3'",
            "version": "==19.3.0"
        },
        "aws-cdk.assets": {
            "hashes": [
                "sha256:83c48bc02d9affba6d3a39bc7b39e9c100693ae8e645cfc3f6373386ee7321b8",
                "sha256:b7fa5adcc87f8368070404968c166a10d941ead0d7755b95368ec3cfee188fda"
            ],
            "markers": "python_version >= '3.6'",
            "version": "==1.52.0"
        },
        "aws-cdk.aws-apigateway": {
            "hashes": [
                "sha256:39b77d229a4d71e08fc5b559bab79d8a5cf7e9160e5de330020e9282affcceba",
                "sha256:e65d44bf8ef44a5a4ee4669b76722e1bd3b6eb7643a95cf5a4639cfe441d3b8a"
            ],
            "markers": "python_version >= '3.6'",
            "version": "==1.52.0"
        },
        "aws-cdk.aws-applicationautoscaling": {
            "hashes": [
                "sha256:009ebef2f251f839fcb24c20ff3baca42ffcca6c54bfd2cc1e436f88bbde8c75",
                "sha256:ad5b9ae6cb1913431559808d3cda023945a0e88bd872efdbc1231c9a60eca67c"
            ],
            "markers": "python_version >= '3.6'",
            "version": "==1.52.0"
        },
        "aws-cdk.aws-autoscaling": {
            "hashes": [
                "sha256:00a60cdff6af16af83709dc43e8bb968c314b1ae8e6fb6ec6d56c972af77eb92",
                "sha256:74cbab5c7d46c9455c05f285afd1566f27a43cde170d3c0c4564f8ca531be5e2"
            ],
            "index": "pypi",
            "version": "==1.52.0"
        },
        "aws-cdk.aws-autoscaling-common": {
            "hashes": [
                "sha256:0e3ea825f0e81545ad2b54c4434b3c7ef9c5cc98f36b016890253d3dd9eefa12",
                "sha256:90df9b00a4611f145c4ad21f175f658999c131920e86695064d759ab2715479a"
            ],
            "markers": "python_version >= '3.6'",
            "version": "==1.52.0"
        },
        "aws-cdk.aws-autoscaling-hooktargets": {
            "hashes": [
                "sha256:22cbee32b8255c4e5014782f2381463c9f88b5da37c091f2d2a6db1f9faa8d7b",
                "sha256:3d0ce0cc60812ec65e7583a4b3dadbf471cad1cb2b9d537215ee46885068d17e"
            ],
            "markers": "python_version >= '3.6'",
            "version": "==1.52.0"
        },
        "aws-cdk.aws-certificatemanager": {
            "hashes": [
                "sha256:74f7ad4efddddaf96bb0a47a187987d64a32f1f7460bd25a1a13bbda7575b485",
                "sha256:7f5b8b45c9ce8e1e5afedd79d7300e40cec21d109938da8667e8aaf9f489559b"
            ],
            "markers": "python_version >= '3.6'",
            "version": "==1.52.0"
        },
        "aws-cdk.aws-cloudformation": {
            "hashes": [
                "sha256:187b53ce0903e5bf05a5c381495198207aa61d701c08eaac0ce0d66890b2b5b8",
                "sha256:e37b4c9705e29971c69b63289373da242194388b39fef1408bd5364c69fa53de"
            ],
            "markers": "python_version >= '3.6'",
            "version": "==1.52.0"
        },
        "aws-cdk.aws-cloudfront": {
            "hashes": [
                "sha256:32b1dcbc58bfe25b01d15c577b86bad7deabd854042148b065bae26ea87ca05c",
                "sha256:4d4727042a35743626e37daee7bedd9b9f9eb32128e5eee1e86a8914e61b3677"
            ],
            "markers": "python_version >= '3.6'",
            "version": "==1.52.0"
        },
        "aws-cdk.aws-cloudwatch": {
            "hashes": [
                "sha256:20ca944c23bbd10f8f9ddabf43666681d9fcfb1154ca61fd48ce9408c370abc7",
                "sha256:dc85eb8ced6f7872f79c92327877c19fb5ffcfb21724a479a914b74109dcc3eb"
            ],
            "markers": "python_version >= '3.6'",
            "version": "==1.52.0"
        },
        "aws-cdk.aws-codeguruprofiler": {
            "hashes": [
                "sha256:4e9f1d09545835fc2de9322761e18b6ba52248e1dfd5e41a7adaa20a5f306800",
                "sha256:cf38603962bb7343b945fe095e76222f8a1066d1ec4322163c0b0b8fc3162168"
            ],
            "markers": "python_version >= '3.6'",
            "version": "==1.52.0"
        },
        "aws-cdk.aws-cognito": {
            "hashes": [
                "sha256:a82b8503e50d455a71c3a17adcf3ef21d0b08c036a903be412517bcc87e8ce53",
                "sha256:facab9defbca25d8c20932961625761422075205ca559a533a5e45bd1e38a9f2"
            ],
            "markers": "python_version >= '3.6'",
            "version": "==1.52.0"
        },
        "aws-cdk.aws-ec2": {
            "hashes": [
                "sha256:01f51d2b4a39bc4a0e39c7806b51ea84ef55e343266bd5a71616dcb7477df17f",
                "sha256:48b5c78af4eb4064fcb12dc6a8388488941492383f1545f383eb14242bd0ca0a"
            ],
            "index": "pypi",
            "version": "==1.52.0"
        },
        "aws-cdk.aws-ecr": {
            "hashes": [
                "sha256:3c1285c3b57f53ffb170f46cdb4ded13468c1534931b49b53c6633fae0dbed89",
                "sha256:dd3faff36cc2cce66ef872d1370dc706de22890060746b3309c4ec7fbddda6c4"
            ],
            "markers": "python_version >= '3.6'",
            "version": "==1.52.0"
        },
        "aws-cdk.aws-ecr-assets": {
            "hashes": [
                "sha256:111d683d258d78ff4e7f76828416327cdb1c382e74b7dcb150e2a0c844a784c1",
                "sha256:e915b50a0df409613e22dbdf31ff729dabccc66837f001d39c28f9e5ff64e443"
            ],
            "markers": "python_version >= '3.6'",
            "version": "==1.52.0"
        },
        "aws-cdk.aws-ecs": {
            "hashes": [
                "sha256:c73de66c947269398870d52e14d3421075e04a4fa750e1b5cdc96170fa94bce8",
                "sha256:f4050943dc539be8c27728bf5f02cfea3d49a1c83281547b68923d7a609104a5"
            ],
            "index": "pypi",
            "version": "==1.52.0"
        },
        "aws-cdk.aws-efs": {
            "hashes": [
                "sha256:083e6b479b96b929a4fe09fb7f8b31e0751363799c3953002f218e08c3ea8bbe",
                "sha256:2fac668aaaba6fdcf27f49f44a9452ff488c8a513dfdd072db013f6f97c6b254"
            ],
            "markers": "python_version >= '3.6'",
            "version": "==1.52.0"
        },
        "aws-cdk.aws-eks": {
            "hashes": [
                "sha256:1495b90f6b78603d2fd54074dd199446eb1ace3df1e9a4c67da40ccf2de01688",
                "sha256:c7ee732ec6c329ab6f0b9613907b377f61f3db538b8ffe66302800093ac96439"
            ],
            "index": "pypi",
            "version": "==1.52.0"
        },
        "aws-cdk.aws-elasticloadbalancing": {
            "hashes": [
                "sha256:27e169b51e2b226a428f3454368cec6a861ec413cbb943eea393e4fc364467a5",
                "sha256:988378b96c7a4c861bd0fc1d987225869f0e2b68e5e43b4a108b9168b6cad2b1"
            ],
            "markers": "python_version >= '3.6'",
            "version": "==1.52.0"
        },
        "aws-cdk.aws-elasticloadbalancingv2": {
            "hashes": [
                "sha256:1faf7a7625cf108876632b9feff2ddfdff08a995ea75344a6b564347535f60a9",
                "sha256:c00a043d0348bf2d32ebeb5c4f7cbeb5072cd99cbf4a170bf08066a44a1ad2d8"
            ],
            "markers": "python_version >= '3.6'",
            "version": "==1.52.0"
        },
        "aws-cdk.aws-events": {
            "hashes": [
                "sha256:3bf1cfed5260b3937abdf360905fb392bd093b0071cb5a98a023879c721228df",
                "sha256:b2943080d47d401a44a6a3cfe363223a2a850c4aa42745857564e4751a07b9dd"
            ],
            "markers": "python_version >= '3.6'",
            "version": "==1.52.0"
        },
        "aws-cdk.aws-iam": {
            "hashes": [
                "sha256:7108b6abe116fee365d125001ac95ffa34a84507f0d15bfa88060ded18d0eb32",
                "sha256:d2d7d167156cbd068d519bf47135981d1606b12c4e0e9be8e92f6b0da654e4f2"
            ],
            "index": "pypi",
            "version": "==1.52.0"
        },
        "aws-cdk.aws-kms": {
            "hashes": [
                "sha256:6418385ae2ae0c1a2e4a4b4837d43b236079b7008f659e586a40388959884897",
                "sha256:fa51f304b223e384cd19965d53750dc91398edc75018f5daf28d9d4b43c3b599"
            ],
            "markers": "python_version >= '3.6'",
            "version": "==1.52.0"
        },
        "aws-cdk.aws-lambda": {
            "hashes": [
                "sha256:47f9d222b0a99eb2667467cce969fc8cef26c0f555133a9254bc71090b7e9ba3",
                "sha256:a7263f1df8f4e15751cf5beeecd953b071656945e7050cd6743ee55cb212b1ba"
            ],
            "markers": "python_version >= '3.6'",
            "version": "==1.52.0"
        },
        "aws-cdk.aws-logs": {
            "hashes": [
                "sha256:a4d3248829f76e6b1a94c29ee45b7f485adbb0aecb33b2ca11c01c0d5af42ae1",
                "sha256:fcb79af2288ebbb8fc2f91770ac729c61ab260646fc691aa5d6244e2e25a93ca"
            ],
            "markers": "python_version >= '3.6'",
            "version": "==1.52.0"
        },
        "aws-cdk.aws-route53": {
            "hashes": [
                "sha256:032ba89c13ab2e82b1b9ca4e435058e69bdfc906bf1469f6a556752874f9ed23",
                "sha256:efb5d3076bee7de4afacfcdde00b1314d81fac6785e2074126205f57f0378f7a"
            ],
            "markers": "python_version >= '3.6'",
            "version": "==1.52.0"
        },
        "aws-cdk.aws-route53-targets": {
            "hashes": [
                "sha256:5fd53d885559fe3ccca36083a685f148b93188b1a554e32b5ae9e74431feaf5c",
                "sha256:d37ca49093f1b6b4c48977a2aab64529183498d74076e54d25a66a058b830285"
            ],
            "markers": "python_version >= '3.6'",
            "version": "==1.52.0"
        },
        "aws-cdk.aws-s3": {
            "hashes": [
                "sha256:279beff1fb498379004e2bc1d56666bca99eb86c5ef03cc22a62f608b2e590a5",
                "sha256:71b1cfbf53ace165f86b5ab8ff5827b525641e2e9303600425d2f3d3445aca58"
            ],
            "markers": "python_version >= '3.6'",
            "version": "==1.52.0"
        },
        "aws-cdk.aws-s3-assets": {
            "hashes": [
                "sha256:854c9f49eaa7211d9fd8ba664118f212fdd3ed6435b0880039d4b7070e2b0d7c",
                "sha256:c5be9bdc169555f97154ac8eba639df4016a512b43f361e7cb9480d8d1414f88"
            ],
            "markers": "python_version >= '3.6'",
            "version": "==1.52.0"
        },
        "aws-cdk.aws-sam": {
            "hashes": [
                "sha256:a5a65bb38a9dbfa912dd71a595e55e52e8ced89486231f9e827d93997894c92b",
                "sha256:abbaaa254ccbaca09a6bb355d80b652d16382bd0c1c558124a204d5a81caddae"
            ],
            "markers": "python_version >= '3.6'",
            "version": "==1.52.0"
        },
        "aws-cdk.aws-secretsmanager": {
            "hashes": [
                "sha256:55cd01af05342b34a1035707e54470f4c25b73f8c877fc1f277a2d70034c548e",
                "sha256:6da921134069995279670fe2a8513ecedb045bba5e884f49bb832b010694f3c0"
            ],
            "markers": "python_version >= '3.6'",
            "version": "==1.52.0"
        },
        "aws-cdk.aws-servicediscovery": {
            "hashes": [
                "sha256:291e540c6be8b440abdad6f24d25cd22177da7f5a3e260a06a72c4b342adb854",
                "sha256:d8466b4740302e4bed9d93fe389f7f432b4d03c0a90e5841bf066665f68c4498"
            ],
            "markers": "python_version >= '3.6'",
            "version": "==1.52.0"
        },
        "aws-cdk.aws-sns": {
            "hashes": [
                "sha256:b0e57b1da70fccea6263a7a4f59590152c8e520d68ac760f0fe994c823bf87d6",
                "sha256:ecf6525f2496c9a0a2929c98cfbe1a2f1dbf25673cd64476c05d97d008266318"
            ],
            "markers": "python_version >= '3.6'",
            "version": "==1.52.0"
        },
        "aws-cdk.aws-sns-subscriptions": {
            "hashes": [
                "sha256:13b8f011343ce9d93773c1d2ea9b210f1971e296fc0aa4c0da4956b490e629d3",
                "sha256:9e5ac4cd6a0c6f703f7bf8011ba333e606bc77c2d56ddd5a53ae9a4e342dcb09"
            ],
            "markers": "python_version >= '3.6'",
            "version": "==1.52.0"
        },
        "aws-cdk.aws-sqs": {
            "hashes": [
                "sha256:28c92b95a6c69705135f282383b338534aa48d3147563f3c32c51af2cea7edd8",
                "sha256:80fe3b4c71e90dfe007a66322398e74e431afe38d63a9803c5d22f82e16898a8"
            ],
            "markers": "python_version >= '3.6'",
            "version": "==1.52.0"
        },
        "aws-cdk.aws-ssm": {
            "hashes": [
                "sha256:967fc4c72c8561b02e2851aa50a371b0823a50a858f5d99b20cf8b30875cc848",
                "sha256:a7f96e28b80bda36cb7d11dce3d228c7f6931664a897a811d1a9cec7d8bfd92e"
            ],
            "markers": "python_version >= '3.6'",
            "version": "==1.52.0"
        },
        "aws-cdk.cloud-assembly-schema": {
            "hashes": [
                "sha256:95105a231d287b09aaa08ce86b7a8bda63d418b195bb86976a31f20626d351af",
                "sha256:fdbc15437db06fc56e2167c19341f7cca7dfa7308fd42aeb1d1cb1fa11a8a033"
            ],
            "markers": "python_version >= '3.6'",
            "version": "==1.52.0"
        },
        "aws-cdk.core": {
            "hashes": [
                "sha256:19887afbc884914bd7360206792b500178414bf76343d9fab9faeeb5d9993ec8",
                "sha256:5ba1762c1321ef257c577a21788661bce703baaabcb1e7c6d4aebe2928071595"
            ],
            "index": "pypi",
            "version": "==1.52.0"
        },
        "aws-cdk.custom-resources": {
            "hashes": [
                "sha256:1935aa5d2dfe69da197350d839f4c662e9f81f3fba0d571ce22f5a92afc231f0",
                "sha256:2550f75c4101a4a3590f02eb331480453804a50b470b1dcd4a5dd6db0b16e30e"
            ],
            "markers": "python_version >= '3.6'",
            "version": "==1.52.0"
        },
        "aws-cdk.cx-api": {
            "hashes": [
                "sha256:10b6d786fe72e29d945e1bcede31988184f034f112ff1cbaa98496ca2be4cb8e",
                "sha256:3fbfa92a48e79832144d52231ca96c215943a519f93562d9411bdaf21ec7a4be"
            ],
            "markers": "python_version >= '3.6'",
            "version": "==1.52.0"
        },
        "aws-cdk.region-info": {
            "hashes": [
                "sha256:c50849f3c1f9b82b6b323a45820940ac8e8114bcf964631a781ecc1c0ac9dab8",
                "sha256:cbf9ea6ff12279639f693ba24e80c4d6976a89c33e907275c5f677c995597f6f"
            ],
            "markers": "python_version >= '3.6'",
            "version": "==1.52.0"
        },
        "cattrs": {
            "hashes": [
                "sha256:616972ae3dfa6e623a40ad3cb845420e64942989152774ab055e5c2b2f89f997",
                "sha256:b7ab5cf8ad127c42eefd01410c1c6e28569a45a255ea80ed968511873c433c7a"
            ],
            "version": "==1.0.0"
        },
        "click": {
            "hashes": [
                "sha256:d2b5255c7c6349bc1bd1e59e08cd12acbbd63ce649f2588755783aa94dfb6b1a",
                "sha256:dacca89f4bfadd5de3d7489b7c8a566eee0d3676333fbb50030263894c38c0dc"
            ],
            "markers": "python_version >= '2.7' and python_version not in '3.0, 3.1, 3.2, 3.3, 3.4'",
            "version": "==7.1.2"
        },
        "constructs": {
            "hashes": [
                "sha256:9740f25c67d19f3c710c85f298ebfd1d109f9fd54d0ec0b869a87b4c1554da3e",
                "sha256:edb1a78e8780f24046f8945a6f0101406f5b2106f9d93d833e61ca34dc8b980d"
            ],
            "markers": "python_version >= '3.6'",
            "version": "==3.0.4"
        },
        "deepmerge": {
            "hashes": [
                "sha256:3d37f739e74e8a284ee0bd683daaef88acc8438ba048545aefb87ade695a2a34",
                "sha256:ae23dd76d3c0d22d33a3fd3980c92d3f0773e4affb48d9b341847d0b0a24e8f8"
            ],
            "index": "pypi",
            "version": "==0.1.0"
        },
        "future": {
            "hashes": [
                "sha256:b1bead90b70cf6ec3f0710ae53a525360fa360d306a86583adc6bf83a4db537d"
            ],
            "markers": "python_version >= '2.6' and python_version not in '3.0, 3.1, 3.2, 3.3'",
            "version": "==0.18.2"
        },
        "importlib-metadata": {
            "hashes": [
                "sha256:90bb658cdbbf6d1735b6341ce708fc7024a3e14e99ffdc5783edea9f9b077f83",
                "sha256:dc15b2969b4ce36305c51eebe62d418ac7791e9a157911d58bfb1f9ccd8e2070"
            ],
            "markers": "python_version < '3.8'",
            "version": "==1.7.0"
        },
        "jinja2": {
            "hashes": [
                "sha256:89aab215427ef59c34ad58735269eb58b1a5808103067f7bb9d5836c651b3bb0",
                "sha256:f0a4641d3cf955324a89c04f3d94663aa4d638abe8f733ecd3582848e1c37035"
            ],
            "markers": "python_version >= '2.7' and python_version not in '3.0, 3.1, 3.2, 3.3, 3.4'",
            "version": "==2.11.2"
        },
        "joblib": {
            "hashes": [
                "sha256:8f52bf24c64b608bf0b2563e0e47d6fcf516abc8cfafe10cfd98ad66d94f92d6",
                "sha256:d348c5d4ae31496b2aa060d6d9b787864dd204f9480baaa52d18850cb43e9f49"
            ],
            "markers": "python_version >= '3.6'",
            "version": "==0.16.0"
        },
        "jsii": {
            "hashes": [
                "sha256:181ada3cecbdb008592c5615ea6fc1be17694a924c14a3500c0858f5ad6c7b90",
                "sha256:1d34289665fc3222dcda2b1bfe2a81a5c976be6fd0ff3e2f8c1b43291dbff62d"
            ],
            "markers": "python_version >= '3.6'",
            "version": "==1.9.0"
        },
        "livereload": {
            "hashes": [
                "sha256:d1eddcb5c5eb8d2ca1fa1f750e580da624c0f7fcb734aa5780dc81b7dcbd89be"
            ],
            "version": "==2.6.2"
        },
        "lunr": {
            "extras": [
                "languages"
            ],
            "hashes": [
                "sha256:aab3f489c4d4fab4c1294a257a30fec397db56f0a50273218ccc3efdbf01d6ca",
                "sha256:c4fb063b98eff775dd638b3df380008ae85e6cb1d1a24d1cd81a10ef6391c26e"
            ],
            "version": "==0.5.8"
        },
        "markdown": {
            "hashes": [
                "sha256:1fafe3f1ecabfb514a5285fca634a53c1b32a81cb0feb154264d55bf2ff22c17",
                "sha256:c467cd6233885534bf0fe96e62e3cf46cfc1605112356c4f9981512b8174de59"
            ],
            "markers": "python_version >= '3.5'",
            "version": "==3.2.2"
        },
        "markupsafe": {
            "hashes": [
                "sha256:00bc623926325b26bb9605ae9eae8a215691f33cae5df11ca5424f06f2d1f473",
                "sha256:09027a7803a62ca78792ad89403b1b7a73a01c8cb65909cd876f7fcebd79b161",
                "sha256:09c4b7f37d6c648cb13f9230d847adf22f8171b1ccc4d5682398e77f40309235",
                "sha256:1027c282dad077d0bae18be6794e6b6b8c91d58ed8a8d89a89d59693b9131db5",
                "sha256:13d3144e1e340870b25e7b10b98d779608c02016d5184cfb9927a9f10c689f42",
                "sha256:24982cc2533820871eba85ba648cd53d8623687ff11cbb805be4ff7b4c971aff",
                "sha256:29872e92839765e546828bb7754a68c418d927cd064fd4708fab9fe9c8bb116b",
                "sha256:43a55c2930bbc139570ac2452adf3d70cdbb3cfe5912c71cdce1c2c6bbd9c5d1",
                "sha256:46c99d2de99945ec5cb54f23c8cd5689f6d7177305ebff350a58ce5f8de1669e",
                "sha256:500d4957e52ddc3351cabf489e79c91c17f6e0899158447047588650b5e69183",
                "sha256:535f6fc4d397c1563d08b88e485c3496cf5784e927af890fb3c3aac7f933ec66",
                "sha256:596510de112c685489095da617b5bcbbac7dd6384aeebeda4df6025d0256a81b",
                "sha256:62fe6c95e3ec8a7fad637b7f3d372c15ec1caa01ab47926cfdf7a75b40e0eac1",
                "sha256:6788b695d50a51edb699cb55e35487e430fa21f1ed838122d722e0ff0ac5ba15",
                "sha256:6dd73240d2af64df90aa7c4e7481e23825ea70af4b4922f8ede5b9e35f78a3b1",
                "sha256:717ba8fe3ae9cc0006d7c451f0bb265ee07739daf76355d06366154ee68d221e",
                "sha256:79855e1c5b8da654cf486b830bd42c06e8780cea587384cf6545b7d9ac013a0b",
                "sha256:7c1699dfe0cf8ff607dbdcc1e9b9af1755371f92a68f706051cc8c37d447c905",
                "sha256:88e5fcfb52ee7b911e8bb6d6aa2fd21fbecc674eadd44118a9cc3863f938e735",
                "sha256:8defac2f2ccd6805ebf65f5eeb132adcf2ab57aa11fdf4c0dd5169a004710e7d",
                "sha256:98c7086708b163d425c67c7a91bad6e466bb99d797aa64f965e9d25c12111a5e",
                "sha256:9add70b36c5666a2ed02b43b335fe19002ee5235efd4b8a89bfcf9005bebac0d",
                "sha256:9bf40443012702a1d2070043cb6291650a0841ece432556f784f004937f0f32c",
                "sha256:ade5e387d2ad0d7ebf59146cc00c8044acbd863725f887353a10df825fc8ae21",
                "sha256:b00c1de48212e4cc9603895652c5c410df699856a2853135b3967591e4beebc2",
                "sha256:b1282f8c00509d99fef04d8ba936b156d419be841854fe901d8ae224c59f0be5",
                "sha256:b2051432115498d3562c084a49bba65d97cf251f5a331c64a12ee7e04dacc51b",
                "sha256:ba59edeaa2fc6114428f1637ffff42da1e311e29382d81b339c1817d37ec93c6",
                "sha256:c8716a48d94b06bb3b2524c2b77e055fb313aeb4ea620c8dd03a105574ba704f",
                "sha256:cd5df75523866410809ca100dc9681e301e3c27567cf498077e8551b6d20e42f",
                "sha256:cdb132fc825c38e1aeec2c8aa9338310d29d337bebbd7baa06889d09a60a1fa2",
                "sha256:e249096428b3ae81b08327a63a485ad0878de3fb939049038579ac0ef61e17e7",
                "sha256:e8313f01ba26fbbe36c7be1966a7b7424942f670f38e666995b88d012765b9be"
            ],
            "markers": "python_version >= '2.7' and python_version not in '3.0, 3.1, 3.2, 3.3'",
            "version": "==1.1.1"
        },
        "mkdocs": {
            "hashes": [
                "sha256:096f52ff52c02c7e90332d2e53da862fde5c062086e1b5356a6e392d5d60f5e9",
                "sha256:f0b61e5402b99d7789efa032c7a74c90a20220a9c81749da06dbfbcbd52ffb39"
            ],
            "index": "pypi",
            "version": "==1.1.2"
        },
        "mkdocs-material": {
            "hashes": [
                "sha256:7cd0fabc336ef93c78693134a0f9ac62900a76f905489aa935bab0b50910c47b",
                "sha256:bf34d5cfbb2a085187adfcb82e8fb3bfc3014860f8416c2656dc8e9666b82eb0"
            ],
            "index": "pypi",
            "version": "==5.4.0"
        },
        "mkdocs-material-extensions": {
            "hashes": [
                "sha256:09569c3694b5acc1e8334c9730e52b4bcde65fc9d613cc20e49af131ef1a9ca0",
                "sha256:17d7491e189af75700310b7ec33c6c48a22060b8b445001deca040cb60471cde"
            ],
            "markers": "python_version >= '3.5'",
            "version": "==1.0"
        },
        "nltk": {
            "hashes": [
                "sha256:845365449cd8c5f9731f7cb9f8bd6fd0767553b9d53af9eb1b3abf7700936b35"
            ],
            "version": "==3.5"
        },
        "publication": {
            "hashes": [
                "sha256:0248885351febc11d8a1098d5c8e3ab2dabcf3e8c0c96db1e17ecd12b53afbe6",
                "sha256:68416a0de76dddcdd2930d1c8ef853a743cc96c82416c4e4d3b5d901c6276dc4"
            ],
            "version": "==0.0.3"
        },
        "pygments": {
            "hashes": [
                "sha256:647344a061c249a3b74e230c739f434d7ea4d8b1d5f3721bc0f3558049b38f44",
                "sha256:ff7a40b4860b727ab48fad6360eb351cc1b33cbf9b15a0f689ca5353e9463324"
            ],
            "markers": "python_version >= '3.5'",
            "version": "==2.6.1"
        },
        "pymdown-extensions": {
            "hashes": [
                "sha256:5bf93d1ccd8281948cd7c559eb363e59b179b5373478e8a7195cf4b78e3c11b6",
                "sha256:8f415b21ee86d80bb2c3676f4478b274d0a8ccb13af672a4c86b9ffd22bd005c"
            ],
            "markers": "python_version >= '2.7' and python_version not in '3.0, 3.1, 3.2, 3.3, 3.4'",
            "version": "==7.1"
        },
        "python-dateutil": {
            "hashes": [
                "sha256:73ebfe9dbf22e832286dafa60473e4cd239f8592f699aa5adaf10050e6e1823c",
                "sha256:75bb3f31ea686f1197762692a9ee6a7550b59fc6ca3a1f4b5d7e32fb98e2da2a"
            ],
            "markers": "python_version >= '2.7' and python_version not in '3.0, 3.1, 3.2, 3.3'",
            "version": "==2.8.1"
        },
        "pyyaml": {
            "hashes": [
                "sha256:06a0d7ba600ce0b2d2fe2e78453a470b5a6e000a985dd4a4e54e436cc36b0e97",
                "sha256:240097ff019d7c70a4922b6869d8a86407758333f02203e0fc6ff79c5dcede76",
                "sha256:4f4b913ca1a7319b33cfb1369e91e50354d6f07a135f3b901aca02aa95940bd2",
                "sha256:69f00dca373f240f842b2931fb2c7e14ddbacd1397d57157a9b005a6a9942648",
                "sha256:73f099454b799e05e5ab51423c7bcf361c58d3206fa7b0d555426b1f4d9a3eaf",
                "sha256:74809a57b329d6cc0fdccee6318f44b9b8649961fa73144a98735b0aaf029f1f",
                "sha256:7739fc0fa8205b3ee8808aea45e968bc90082c10aef6ea95e855e10abf4a37b2",
                "sha256:95f71d2af0ff4227885f7a6605c37fd53d3a106fcab511b8860ecca9fcf400ee",
                "sha256:b8eac752c5e14d3eca0e6dd9199cd627518cb5ec06add0de9d32baeee6fe645d",
                "sha256:cc8955cfbfc7a115fa81d85284ee61147059a753344bc51098f3ccd69b0d7e0c",
                "sha256:d13155f591e6fcc1ec3b30685d50bf0711574e2c0dfffd7644babf8b5102ca1a"
            ],
            "index": "pypi",
            "version": "==5.3.1"
        },
        "regex": {
            "hashes": [
                "sha256:0dc64ee3f33cd7899f79a8d788abfbec168410be356ed9bd30bbd3f0a23a7204",
                "sha256:1269fef3167bb52631ad4fa7dd27bf635d5a0790b8e6222065d42e91bede4162",
                "sha256:14a53646369157baa0499513f96091eb70382eb50b2c82393d17d7ec81b7b85f",
                "sha256:3a3af27a8d23143c49a3420efe5b3f8cf1a48c6fc8bc6856b03f638abc1833bb",
                "sha256:46bac5ca10fb748d6c55843a931855e2727a7a22584f302dd9bb1506e69f83f6",
                "sha256:4c037fd14c5f4e308b8370b447b469ca10e69427966527edcab07f52d88388f7",
                "sha256:51178c738d559a2d1071ce0b0f56e57eb315bcf8f7d4cf127674b533e3101f88",
                "sha256:5ea81ea3dbd6767873c611687141ec7b06ed8bab43f68fad5b7be184a920dc99",
                "sha256:6961548bba529cac7c07af2fd4d527c5b91bb8fe18995fed6044ac22b3d14644",
                "sha256:75aaa27aa521a182824d89e5ab0a1d16ca207318a6b65042b046053cfc8ed07a",
                "sha256:7a2dd66d2d4df34fa82c9dc85657c5e019b87932019947faece7983f2089a840",
                "sha256:8a51f2c6d1f884e98846a0a9021ff6861bdb98457879f412fdc2b42d14494067",
                "sha256:9c568495e35599625f7b999774e29e8d6b01a6fb684d77dee1f56d41b11b40cd",
                "sha256:9eddaafb3c48e0900690c1727fba226c4804b8e6127ea409689c3bb492d06de4",
                "sha256:bbb332d45b32df41200380fff14712cb6093b61bd142272a10b16778c418e98e",
                "sha256:bc3d98f621898b4a9bc7fecc00513eec8f40b5b83913d74ccb445f037d58cd89",
                "sha256:c11d6033115dc4887c456565303f540c44197f4fc1a2bfb192224a301534888e",
                "sha256:c50a724d136ec10d920661f1442e4a8b010a4fe5aebd65e0c2241ea41dbe93dc",
                "sha256:d0a5095d52b90ff38592bbdc2644f17c6d495762edf47d876049cfd2968fbccf",
                "sha256:d6cff2276e502b86a25fd10c2a96973fdb45c7a977dca2138d661417f3728341",
                "sha256:e46d13f38cfcbb79bfdb2964b0fe12561fe633caf964a77a5f8d4e45fe5d2ef7"
            ],
            "version": "==2020.7.14"
        },
        "six": {
            "hashes": [
                "sha256:30639c035cdb23534cd4aa2dd52c3bf48f06e5f4a941509c8bafd8ce11080259",
                "sha256:8b74bedcbbbaca38ff6d7491d76f2b06b3592611af620f8426e82dddb04a5ced"
            ],
            "markers": "python_version >= '2.7' and python_version not in '3.0, 3.1, 3.2, 3.3'",
            "version": "==1.15.0"
        },
        "tornado": {
            "hashes": [
                "sha256:0fe2d45ba43b00a41cd73f8be321a44936dc1aba233dee979f17a042b83eb6dc",
                "sha256:22aed82c2ea340c3771e3babc5ef220272f6fd06b5108a53b4976d0d722bcd52",
                "sha256:2c027eb2a393d964b22b5c154d1a23a5f8727db6fda837118a776b29e2b8ebc6",
                "sha256:5217e601700f24e966ddab689f90b7ea4bd91ff3357c3600fa1045e26d68e55d",
                "sha256:5618f72e947533832cbc3dec54e1dffc1747a5cb17d1fd91577ed14fa0dc081b",
                "sha256:5f6a07e62e799be5d2330e68d808c8ac41d4a259b9cea61da4101b83cb5dc673",
                "sha256:c58d56003daf1b616336781b26d184023ea4af13ae143d9dda65e31e534940b9",
                "sha256:c952975c8ba74f546ae6de2e226ab3cc3cc11ae47baf607459a6728585bb542a",
                "sha256:c98232a3ac391f5faea6821b53db8db461157baa788f5d6222a193e9456e1740"
            ],
            "markers": "python_version >= '3.5'",
            "version": "==6.0.4"
        },
        "tqdm": {
            "hashes": [
                "sha256:6baa75a88582b1db6d34ce4690da5501d2a1cb65c34664840a456b2c9f794d29",
                "sha256:fcb7cb5b729b60a27f300b15c1ffd4744f080fb483b88f31dc8654b082cc8ea5"
            ],
            "markers": "python_version >= '2.6' and python_version not in '3.0, 3.1, 3.2, 3.3'",
            "version": "==4.48.0"
        },
        "typing-extensions": {
            "hashes": [
                "sha256:6e95524d8a547a91e08f404ae485bbb71962de46967e1b71a0cb89af24e761c5",
                "sha256:79ee589a3caca649a9bfd2a8de4709837400dfa00b6cc81962a1e6a1815969ae",
                "sha256:f8d2bd89d25bc39dabe7d23df520442fa1d8969b82544370e03d88b5a591c392"
            ],
            "version": "==3.7.4.2"
        },
        "zipp": {
            "hashes": [
                "sha256:aa36550ff0c0b7ef7fa639055d797116ee891440eac1a56f378e2d3179e0320b",
                "sha256:c599e4d75c98f6798c509911d08a22e6c021d074469042177c8c86fb92eefd96"
            ],
            "markers": "python_version >= '3.6'",
            "version": "==3.1.0"
        }
    },
    "develop": {}
}
