{
    "_meta": {
        "hash": {
            "sha256": "7d5d313988154ec20ec3a6f2456516c6c7068ee39fb049e06e5eac8bdf93aa05"
        },
        "pipfile-spec": 6,
        "requires": {
            "python_version": "3.7"
        },
        "sources": [
            {
                "name": "pypi",
                "url": "https://pypi.org/simple",
                "verify_ssl": true
            }
        ]
    },
    "default": {
        "attrs": {
            "hashes": [
                "sha256:29adc2665447e5191d0e7c568fde78b21f9672d344281d0c6e1ab085429b22b6",
                "sha256:86efa402f67bf2df34f51a335487cf46b1ec130d02b8d39fd248abfd30da551c"
            ],
            "markers": "python_version >= '3.5'",
            "version": "==22.1.0"
        },
        "aws-cdk.assets": {
            "hashes": [
                "sha256:00a00ad3aee541e3b407ec6f3144493686d8aad734ea4766e26816551c2bc683",
                "sha256:2d60c220231e7bd4631d03a112687f423d0738803156ab431319f618f79bf9ab"
            ],
            "markers": "python_version >= '3.6'",
            "version": "==1.53.0"
        },
        "aws-cdk.aws-apigateway": {
            "hashes": [
                "sha256:02db55c2735c9738674b0138ae0e6fe6cfdbdccf072eba71f281fefc46c78079",
                "sha256:161d28e9b1816838421ccaa3399350062542ab527ef043bf65236a0d7174bb5f"
            ],
            "markers": "python_version >= '3.6'",
            "version": "==1.53.0"
        },
        "aws-cdk.aws-applicationautoscaling": {
            "hashes": [
                "sha256:801ea46f6e301f154195e1feb9f989a99681d2cfa179548502347ff2ddfb283e",
                "sha256:964f76f873419f4993f6f122e09d266a8da30f35ad17376cdff270113f54c6a3"
            ],
            "markers": "python_version >= '3.6'",
            "version": "==1.53.0"
        },
        "aws-cdk.aws-autoscaling": {
            "hashes": [
                "sha256:1bc40efbccc0ccb7f74622802563759cf9f437e9105e8b6a2151a6eb8fe72113",
                "sha256:f7ace39023073d7a37ae1954ffdf737cb8f9e5cbb8a673aca1b3453155b619df"
            ],
            "index": "pypi",
            "version": "==1.53.0"
        },
        "aws-cdk.aws-autoscaling-common": {
            "hashes": [
                "sha256:24b1366c15423821bc24cd42978c68a519ddd87db4d6bd56ab7aa9f418d77875",
                "sha256:ab34f873b2a4e8e0ad00aa458e9092597ec128ef0639eb4d2370027950febe85"
            ],
            "markers": "python_version >= '3.6'",
            "version": "==1.53.0"
        },
        "aws-cdk.aws-autoscaling-hooktargets": {
            "hashes": [
                "sha256:34f9e092006769f6bbe0c4bdb929e31c213bb02f22aa7b4d55706b1543de8c25",
                "sha256:d47b3d9fbc8689ff930c4ff0af3273e14a07a5aec95a9b4c69e027ba9071cc76"
            ],
            "markers": "python_version >= '3.6'",
            "version": "==1.53.0"
        },
        "aws-cdk.aws-certificatemanager": {
            "hashes": [
                "sha256:a39f69bea49100cd0d6c71499c890521b9a61b16c02d0949d4417ecdde84faba",
                "sha256:a708fa49b265d13f7c27648d67775273872b2d12ee44a33186966d0a2c723e0d"
            ],
            "markers": "python_version >= '3.6'",
            "version": "==1.53.0"
        },
        "aws-cdk.aws-cloudformation": {
            "hashes": [
                "sha256:67a89b4f4bff529a01e6e8253ccecfe91c68a5923c829cccd4e4500a19eb2838",
                "sha256:aa70fd145e80fa25fe8367b7d2b672741cc10436596e9b2670ebd91f27f7044b"
            ],
            "markers": "python_version >= '3.6'",
            "version": "==1.53.0"
        },
        "aws-cdk.aws-cloudfront": {
            "hashes": [
                "sha256:c83daa1f8375d83a94c0db186d600ba767f46d28838ccd2d404d47ecd36ea352",
                "sha256:f1c4aac02863e41f4a34b9b8ce1632c145e9d01cfd28ff4cfe074700846596cb"
            ],
            "markers": "python_version >= '3.6'",
            "version": "==1.53.0"
        },
        "aws-cdk.aws-cloudwatch": {
            "hashes": [
                "sha256:1890067e1a69f6cafe44ba202c95d2b64a8d3a9707f3c5d6a15508d9eb766543",
                "sha256:fa9b28d9b2f013b105c445676d4d5a00849bed33f5e115c78c3d636dcd46c43a"
            ],
            "markers": "python_version >= '3.6'",
            "version": "==1.53.0"
        },
        "aws-cdk.aws-codeguruprofiler": {
            "hashes": [
                "sha256:79dbebd8483b486586a28ece820ff45ec51f34fe8cac0af81cf78fb69e38899b",
                "sha256:be9159ea135bb181737d6ac938896a7dff55563b3ea557d8cec991e5b12952b0"
            ],
            "markers": "python_version >= '3.6'",
            "version": "==1.53.0"
        },
        "aws-cdk.aws-cognito": {
            "hashes": [
                "sha256:334de0f06443a98743717ec72fde2d47de243ae36131f7a84bc2b582574b8f08",
                "sha256:977850f4b7664e351f1ad6c4c7324e0280dd2e9e0c2bdcfd5340c3d8035831d2"
            ],
            "markers": "python_version >= '3.6'",
            "version": "==1.53.0"
        },
        "aws-cdk.aws-ec2": {
            "hashes": [
                "sha256:867be8dfe8ef55fbf2c33d70b64b417795384b79a517f75b85bce63bc7255011",
                "sha256:a69593076235a94ceb2edeb3c0f679ecbc050defeeb4ce613717e0a463ea7367"
            ],
            "index": "pypi",
            "version": "==1.53.0"
        },
        "aws-cdk.aws-ecr": {
            "hashes": [
                "sha256:071f7669ace10e09fda2950b708d6540152b2b3d421579912d5d736f92c98586",
                "sha256:fcad5ffe8182d0c69c69b95a394a34a0c2a9df461b6b652e11820a223b4a009a"
            ],
            "markers": "python_version >= '3.6'",
            "version": "==1.53.0"
        },
        "aws-cdk.aws-ecr-assets": {
            "hashes": [
                "sha256:88209b313a267d6655e6f80b4d8238366afcd92763367b9c192e89e8de184195",
                "sha256:9eea847fd69d5c2d1a8492373a71d6f4bff9dc2c87b9c911a79be35df5d4e4e5"
            ],
            "markers": "python_version >= '3.6'",
            "version": "==1.53.0"
        },
        "aws-cdk.aws-ecs": {
            "hashes": [
                "sha256:592642cf1b184f0625e57b25b13cf93449d3f43fb01128c55fd8439f0e8e06e3",
                "sha256:6bd46f4179a2b0b016653fc017fbf5808bbfecf02066503321e7e6f61dcf4bac"
            ],
            "index": "pypi",
            "version": "==1.53.0"
        },
        "aws-cdk.aws-efs": {
            "hashes": [
                "sha256:262d48958d88dbac12a40ad3335702417a46a22ccb877364817c5a8935dafe95",
                "sha256:2a71be28ad0aa33a22dfc5596c957c768f110217fd43b0f3964533aef6890468"
            ],
            "markers": "python_version >= '3.6'",
            "version": "==1.53.0"
        },
        "aws-cdk.aws-eks": {
            "hashes": [
                "sha256:0bfb54c5ab3d292e804055cdc6b08d3e06b702f9eaf01eda4bd95933018f961f",
                "sha256:93da8ad052eece42d6d9aece48ade11e92c7c9cbf139c7dd6a019b6008e827eb"
            ],
            "index": "pypi",
            "version": "==1.53.0"
        },
        "aws-cdk.aws-elasticloadbalancing": {
            "hashes": [
                "sha256:477a0688ff98ef41f13722ff0dfb09ade5ccd0031c6e6e2c34d4a98182026c97",
                "sha256:7b69a2736c572522f3d8303b2948b878f56579bd4d498ebbfa15ce69486725b9"
            ],
            "markers": "python_version >= '3.6'",
            "version": "==1.53.0"
        },
        "aws-cdk.aws-elasticloadbalancingv2": {
            "hashes": [
                "sha256:1ed8d240faf8f5f35805e7206efe9f1be23f3d64bbab8e6f7f6637abf5ffb05a",
                "sha256:f8280d2bdd69c8617acc814a3b855f8b36b6bc99173e2260871cf250ac99d550"
            ],
            "markers": "python_version >= '3.6'",
            "version": "==1.53.0"
        },
        "aws-cdk.aws-events": {
            "hashes": [
                "sha256:4323857b384b47ae77ff137dfb9061435bc4f0fd7ad62b319d155651db2448e3",
                "sha256:9e391a99425254b4f2edf256d6db1b6449aba1197aed7eff5e4ac5b536c74095"
            ],
            "markers": "python_version >= '3.6'",
            "version": "==1.53.0"
        },
        "aws-cdk.aws-iam": {
            "hashes": [
                "sha256:46223dc6e1dba85764fd07601393aa3554af366c7217d2f0f501880d41a8a29e",
                "sha256:6f9d10daf2fa597fbd1ce5838f92ff5580fff34cc6b8cb68d11197c751a2e706"
            ],
            "index": "pypi",
            "version": "==1.53.0"
        },
        "aws-cdk.aws-kms": {
            "hashes": [
                "sha256:e0d6f9fc891be2b161872c7384414ab8beecb62d33c1e178335d0d43ab083a61",
                "sha256:e60a63e46fab978bb5b4a3b626175cd6f232621cd2841d012a5329b8dc20a085"
            ],
            "markers": "python_version >= '3.6'",
            "version": "==1.53.0"
        },
        "aws-cdk.aws-lambda": {
            "hashes": [
                "sha256:a9c5465400ad3e5415015f3e2c70b44ab4ee086a891aaad583473106b5a5c836",
                "sha256:dfd26cd5349c60d81c7b7c512a13eb0e0d5c5a994fa58167236d2b6d10da11e0"
            ],
            "markers": "python_version >= '3.6'",
            "version": "==1.53.0"
        },
        "aws-cdk.aws-logs": {
            "hashes": [
                "sha256:47bd6935907ab6f55bb172613909179f7f669dce7e47f22b95b14cd9874ce5e1",
                "sha256:726f80b315f22755f174c24efdca2b8e7d85c0d1dc00e6a1dbb40818f10d1e02"
            ],
            "markers": "python_version >= '3.6'",
            "version": "==1.53.0"
        },
        "aws-cdk.aws-route53": {
            "hashes": [
                "sha256:4147935c5da6ea42a3d880105d81899950151ab59687a6aaf3c30db64a0d3a54",
                "sha256:770bd774edc536a1190ef9072f73c35d329226a58f1c2273a2ec3295cd72dce0"
            ],
            "markers": "python_version >= '3.6'",
            "version": "==1.53.0"
        },
        "aws-cdk.aws-route53-targets": {
            "hashes": [
                "sha256:96489f41080c9f4f41fc53179f84e7bfd2cb84603e3f601fb2e48552c40b31b5",
                "sha256:cbfbe50e267cf4264eb8313701b77b4ab307aa5ee369482c8c3ccab94ab9d508"
            ],
            "markers": "python_version >= '3.6'",
            "version": "==1.53.0"
        },
        "aws-cdk.aws-s3": {
            "hashes": [
                "sha256:c03a29bc5199308f616d6ecc33e1b89278bc34065df3fd2648743eac02286c26",
                "sha256:d2ae834201bcda31c2fde2673d5441361fda3800593458fa62b314fe86bcbee2"
            ],
            "markers": "python_version >= '3.6'",
            "version": "==1.53.0"
        },
        "aws-cdk.aws-s3-assets": {
            "hashes": [
                "sha256:8087edd2354184a112b9928677e14b9a270de59ce1409dbe188d92ca93d1eabf",
                "sha256:93f1d94e7c6b02e643fb576ec3acbe8404c7b08be52eb490c7d9d3a22f4a4729"
            ],
            "markers": "python_version >= '3.6'",
            "version": "==1.53.0"
        },
        "aws-cdk.aws-sam": {
            "hashes": [
                "sha256:00f169c776d1e5c3076cb7f9805678fa4344c77bf2f7e8f59e2a10a07d80e246",
                "sha256:68baafb24baf67e6d24dcbb4d7d25ef0619e5b220acd59c34235685be4ac2e5c"
            ],
            "markers": "python_version >= '3.6'",
            "version": "==1.53.0"
        },
        "aws-cdk.aws-secretsmanager": {
            "hashes": [
                "sha256:be0c240466972bfbf5309d533d132f6d8084f3298b89823a0ae1845d1a780eb4",
                "sha256:c908cdf5dac0e5c06b0570b935070ada814c0378b846b69ae792b358f7ab5d44"
            ],
            "markers": "python_version >= '3.6'",
            "version": "==1.53.0"
        },
        "aws-cdk.aws-servicediscovery": {
            "hashes": [
                "sha256:c3661bbf14df0b29cfedbdd19305b00d31c7344c8c666bd61baf5b644a5f4f67",
                "sha256:df0fe7eb3327480458ffd9b93624f1d731cdfc1fbcd07ed987a99a78eb1fc1ff"
            ],
            "markers": "python_version >= '3.6'",
            "version": "==1.53.0"
        },
        "aws-cdk.aws-sns": {
            "hashes": [
                "sha256:2d9c8cd3548516ed9afe995986be717b45b94f7bc64e4824a65fdd791701b13f",
                "sha256:c1c72260e544d39687d3c7aafd503c1ea16b9c40a5f9dc273e80aab268c4c7f0"
            ],
            "markers": "python_version >= '3.6'",
            "version": "==1.53.0"
        },
        "aws-cdk.aws-sns-subscriptions": {
            "hashes": [
                "sha256:3e8efe8f21b57ac7aecd4bb06a68ca981cfdf21aaa3c8cbf5cfa8bae4de14327",
                "sha256:e416ef280d2c984de68d32119e14bde6fef3a68f823e332698a3ef89cbbb109b"
            ],
            "markers": "python_version >= '3.6'",
            "version": "==1.53.0"
        },
        "aws-cdk.aws-sqs": {
            "hashes": [
                "sha256:27ef913cbf87b03049c5069d21906b96eebc77fe5dca1041463b6b86994ef432",
                "sha256:bb1f71c792a6b1a3bddbb5af122f2385fdc878df73f2e835109eeda8dc3d74d4"
            ],
            "markers": "python_version >= '3.6'",
            "version": "==1.53.0"
        },
        "aws-cdk.aws-ssm": {
            "hashes": [
                "sha256:8515c3724bd6206ed406f26e89d7def29270b76c19f973428142bd4630f7830a",
                "sha256:fe18d9642642eecc7cfd9da25cc7f2e10f7dae3579e5ee28df192062ab12413e"
            ],
            "markers": "python_version >= '3.6'",
            "version": "==1.53.0"
        },
        "aws-cdk.cloud-assembly-schema": {
            "hashes": [
                "sha256:8fdab26c185befe820fe4eabbe62b479a8e4d2729e1297333cd1ec64ac190410",
                "sha256:b174306dfe4e097546a24301010bd2db753a691280783930c9a28126efb2a5a6"
            ],
            "markers": "python_version >= '3.6'",
            "version": "==1.53.0"
        },
        "aws-cdk.core": {
            "hashes": [
                "sha256:51065c138d27ffad7a4d3ba69528dd6c7f576d0624fae1041ee073fc9b07ab50",
                "sha256:d46323fb65ae3aecc9e5f95ac1bcf856f3eafd06d7273652fa803ce6c4a538c2"
            ],
            "index": "pypi",
            "version": "==1.53.0"
        },
        "aws-cdk.custom-resources": {
            "hashes": [
                "sha256:b86aebb229f1275e57dcbf12514b88b05e8d0487cdd219136b42c20ac5f0b933",
                "sha256:b86f25159976db098b83307d0bee91203a321ae96a4fc5c2c402775ec40a07e6"
            ],
            "markers": "python_version >= '3.6'",
            "version": "==1.53.0"
        },
        "aws-cdk.cx-api": {
            "hashes": [
                "sha256:4cabd3488f2f4cdf6053cc1bfec812776c5f557f4141b69006f154464c6218f3",
                "sha256:a0f19b2a09cecd8c2e574761f230dc198b9eb30d7624e3c733d1be05f50e90f8"
            ],
            "markers": "python_version >= '3.6'",
            "version": "==1.53.0"
        },
        "aws-cdk.region-info": {
            "hashes": [
                "sha256:1623c3c0354840bb8d4bb0c510ad3b0e548b06fbaad3d8c1aeba0ad7079da791",
                "sha256:78c410dea57d14f5b4834eae30384cc942bec1be9a19d1101ee596e0937d6cc3"
            ],
            "markers": "python_version >= '3.6'",
            "version": "==1.53.0"
        },
        "cattrs": {
            "hashes": [
                "sha256:94b67b64cf92c994f8784c40c082177dc916e0489a73a9a36b24eb18a9db40c6",
                "sha256:d55c477b4672f93606e992049f15d526dc7867e6c756cd6256d4af92e2b1e364"
            ],
            "markers": "python_version >= '3.7' and python_version < '4.0'",
            "version": "==22.1.0"
        },
        "click": {
            "hashes": [
                "sha256:7682dc8afb30297001674575ea00d1814d808d6a36af415a82bd481d37ba7b8e",
                "sha256:bb4d8133cb15a609f44e8213d9b391b0809795062913b383c62be0ee95b1db48"
            ],
            "markers": "python_version >= '3.7'",
            "version": "==8.1.3"
        },
        "constructs": {
            "hashes": [
                "sha256:5801859cac2d0bde14b5d96d2df92930528d0457a13078508d2f1eea772a455b",
                "sha256:e3253dd30c8e23ea97692a61a597960cf41a346d663273ae76bdd579bc10f900"
            ],
            "markers": "python_version ~= '3.7'",
            "version": "==3.4.109"
        },
        "deepmerge": {
            "hashes": [
                "sha256:3d37f739e74e8a284ee0bd683daaef88acc8438ba048545aefb87ade695a2a34",
                "sha256:ae23dd76d3c0d22d33a3fd3980c92d3f0773e4affb48d9b341847d0b0a24e8f8"
            ],
            "index": "pypi",
            "version": "==0.1.0"
        },
        "exceptiongroup": {
            "hashes": [
                "sha256:2e3c3fc1538a094aab74fad52d6c33fc94de3dfee3ee01f187c0e0c72aec5337",
                "sha256:9086a4a21ef9b31c72181c77c040a074ba0889ee56a7b289ff0afb0d97655f96"
            ],
            "markers": "python_version < '3.11'",
            "version": "==1.0.0rc9"
        },
        "future": {
            "hashes": [
                "sha256:b1bead90b70cf6ec3f0710ae53a525360fa360d306a86583adc6bf83a4db537d"
            ],
            "markers": "python_version >= '2.6' and python_version not in '3.0, 3.1, 3.2, 3.3'",
            "version": "==0.18.2"
        },
        "importlib-metadata": {
            "hashes": [
                "sha256:637245b8bab2b6502fcbc752cc4b7a6f6243bb02b31c5c26156ad103d3d45670",
                "sha256:7401a975809ea1fdc658c3aa4f78cc2195a0e019c5cbc4c06122884e9ae80c23"
            ],
            "markers": "python_version < '3.8'",
            "version": "==4.12.0"
        },
        "jinja2": {
            "hashes": [
                "sha256:31351a702a408a9e7595a8fc6150fc3f43bb6bf7e319770cbc0db9df9437e852",
                "sha256:6088930bfe239f0e6710546ab9c19c9ef35e29792895fed6e6e31a023a182a61"
            ],
            "markers": "python_version >= '3.7'",
            "version": "==3.1.2"
        },
        "joblib": {
            "hashes": [
                "sha256:091138ed78f800342968c523bdde947e7a305b8594b910a0fea2ab83c3c6d385",
                "sha256:e1cee4a79e4af22881164f218d4311f60074197fb707e082e803b61f6d137018"
            ],
            "index": "pypi",
            "version": "==1.2.0"
        },
        "jsii": {
            "hashes": [
                "sha256:7c7ed2a913372add17d63322a640c6435324770eb78c6b89e4c701e07d9c84db",
                "sha256:f3ae5cdf5e854b4d59256dc1f8818cd3fabb8eb43fbd3134a8e8aef962643005"
            ],
            "markers": "python_version ~= '3.7'",
            "version": "==1.69.0"
        },
        "livereload": {
            "hashes": [
                "sha256:776f2f865e59fde56490a56bcc6773b6917366bce0c267c60ee8aaf1a0959869"
            ],
            "version": "==2.6.3"
        },
        "lunr": {
            "extras": [
                "languages"
            ],
            "hashes": [
                "sha256:aab3f489c4d4fab4c1294a257a30fec397db56f0a50273218ccc3efdbf01d6ca",
                "sha256:c4fb063b98eff775dd638b3df380008ae85e6cb1d1a24d1cd81a10ef6391c26e"
            ],
            "version": "==0.5.8"
        },
        "markdown": {
            "hashes": [
                "sha256:08fb8465cffd03d10b9dd34a5c3fea908e20391a2a90b88d66362cb05beed186",
                "sha256:3b809086bb6efad416156e00a0da66fe47618a5d6918dd688f53f40c8e4cfeff"
            ],
            "markers": "python_version >= '3.7'",
            "version": "==3.4.1"
        },
        "markupsafe": {
            "hashes": [
                "sha256:0212a68688482dc52b2d45013df70d169f542b7394fc744c02a57374a4207003",
                "sha256:089cf3dbf0cd6c100f02945abeb18484bd1ee57a079aefd52cffd17fba910b88",
                "sha256:10c1bfff05d95783da83491be968e8fe789263689c02724e0c691933c52994f5",
                "sha256:33b74d289bd2f5e527beadcaa3f401e0df0a89927c1559c8566c066fa4248ab7",
                "sha256:3799351e2336dc91ea70b034983ee71cf2f9533cdff7c14c90ea126bfd95d65a",
                "sha256:3ce11ee3f23f79dbd06fb3d63e2f6af7b12db1d46932fe7bd8afa259a5996603",
                "sha256:421be9fbf0ffe9ffd7a378aafebbf6f4602d564d34be190fc19a193232fd12b1",
                "sha256:43093fb83d8343aac0b1baa75516da6092f58f41200907ef92448ecab8825135",
                "sha256:46d00d6cfecdde84d40e572d63735ef81423ad31184100411e6e3388d405e247",
                "sha256:4a33dea2b688b3190ee12bd7cfa29d39c9ed176bda40bfa11099a3ce5d3a7ac6",
                "sha256:4b9fe39a2ccc108a4accc2676e77da025ce383c108593d65cc909add5c3bd601",
                "sha256:56442863ed2b06d19c37f94d999035e15ee982988920e12a5b4ba29b62ad1f77",
                "sha256:671cd1187ed5e62818414afe79ed29da836dde67166a9fac6d435873c44fdd02",
                "sha256:694deca8d702d5db21ec83983ce0bb4b26a578e71fbdbd4fdcd387daa90e4d5e",
                "sha256:6a074d34ee7a5ce3effbc526b7083ec9731bb3cbf921bbe1d3005d4d2bdb3a63",
                "sha256:6d0072fea50feec76a4c418096652f2c3238eaa014b2f94aeb1d56a66b41403f",
                "sha256:6fbf47b5d3728c6aea2abb0589b5d30459e369baa772e0f37a0320185e87c980",
                "sha256:7f91197cc9e48f989d12e4e6fbc46495c446636dfc81b9ccf50bb0ec74b91d4b",
                "sha256:86b1f75c4e7c2ac2ccdaec2b9022845dbb81880ca318bb7a0a01fbf7813e3812",
                "sha256:8dc1c72a69aa7e082593c4a203dcf94ddb74bb5c8a731e4e1eb68d031e8498ff",
                "sha256:8e3dcf21f367459434c18e71b2a9532d96547aef8a871872a5bd69a715c15f96",
                "sha256:8e576a51ad59e4bfaac456023a78f6b5e6e7651dcd383bcc3e18d06f9b55d6d1",
                "sha256:96e37a3dc86e80bf81758c152fe66dbf60ed5eca3d26305edf01892257049925",
                "sha256:97a68e6ada378df82bc9f16b800ab77cbf4b2fada0081794318520138c088e4a",
                "sha256:99a2a507ed3ac881b975a2976d59f38c19386d128e7a9a18b7df6fff1fd4c1d6",
                "sha256:a49907dd8420c5685cfa064a1335b6754b74541bbb3706c259c02ed65b644b3e",
                "sha256:b09bf97215625a311f669476f44b8b318b075847b49316d3e28c08e41a7a573f",
                "sha256:b7bd98b796e2b6553da7225aeb61f447f80a1ca64f41d83612e6139ca5213aa4",
                "sha256:b87db4360013327109564f0e591bd2a3b318547bcef31b468a92ee504d07ae4f",
                "sha256:bcb3ed405ed3222f9904899563d6fc492ff75cce56cba05e32eff40e6acbeaa3",
                "sha256:d4306c36ca495956b6d568d276ac11fdd9c30a36f1b6eb928070dc5360b22e1c",
                "sha256:d5ee4f386140395a2c818d149221149c54849dfcfcb9f1debfe07a8b8bd63f9a",
                "sha256:dda30ba7e87fbbb7eab1ec9f58678558fd9a6b8b853530e176eabd064da81417",
                "sha256:e04e26803c9c3851c931eac40c695602c6295b8d432cbe78609649ad9bd2da8a",
                "sha256:e1c0b87e09fa55a220f058d1d49d3fb8df88fbfab58558f1198e08c1e1de842a",
                "sha256:e72591e9ecd94d7feb70c1cbd7be7b3ebea3f548870aa91e2732960fa4d57a37",
                "sha256:e8c843bbcda3a2f1e3c2ab25913c80a3c5376cd00c6e8c4a86a89a28c8dc5452",
                "sha256:efc1913fd2ca4f334418481c7e595c00aad186563bbc1ec76067848c7ca0a933",
                "sha256:f121a1420d4e173a5d96e47e9a0c0dcff965afdf1626d28de1460815f7c4ee7a",
                "sha256:fc7b548b17d238737688817ab67deebb30e8073c95749d55538ed473130ec0c7"
            ],
            "markers": "python_version >= '3.7'",
            "version": "==2.1.1"
        },
        "mkdocs": {
            "hashes": [
                "sha256:096f52ff52c02c7e90332d2e53da862fde5c062086e1b5356a6e392d5d60f5e9",
                "sha256:f0b61e5402b99d7789efa032c7a74c90a20220a9c81749da06dbfbcbd52ffb39"
            ],
            "index": "pypi",
            "version": "==1.1.2"
        },
        "mkdocs-material": {
            "hashes": [
                "sha256:7cd0fabc336ef93c78693134a0f9ac62900a76f905489aa935bab0b50910c47b",
                "sha256:bf34d5cfbb2a085187adfcb82e8fb3bfc3014860f8416c2656dc8e9666b82eb0"
            ],
            "index": "pypi",
            "version": "==5.4.0"
        },
        "mkdocs-material-extensions": {
            "hashes": [
                "sha256:a82b70e533ce060b2a5d9eb2bc2e1be201cf61f901f93704b4acf6e3d5983a44",
                "sha256:bfd24dfdef7b41c312ede42648f9eb83476ea168ec163b613f9abd12bbfddba2"
            ],
            "markers": "python_version >= '3.6'",
            "version": "==1.0.3"
        },
        "nltk": {
            "hashes": [
                "sha256:ba3de02490308b248f9b94c8bc1ac0683e9aa2ec49ee78536d8667afb5e3eec8",
                "sha256:d6507d6460cec76d70afea4242a226a7542f85c669177b9c7f562b7cf1b05502"
            ],
            "version": "==3.7"
        },
        "publication": {
            "hashes": [
                "sha256:0248885351febc11d8a1098d5c8e3ab2dabcf3e8c0c96db1e17ecd12b53afbe6",
                "sha256:68416a0de76dddcdd2930d1c8ef853a743cc96c82416c4e4d3b5d901c6276dc4"
            ],
            "version": "==0.0.3"
        },
        "pygments": {
            "hashes": [
                "sha256:56a8508ae95f98e2b9bdf93a6be5ae3f7d8af858b43e02c5a2ff083726be40c1",
                "sha256:f643f331ab57ba3c9d89212ee4a2dabc6e94f117cf4eefde99a0574720d14c42"
            ],
            "markers": "python_version >= '3.6'",
            "version": "==2.13.0"
        },
        "pymdown-extensions": {
            "hashes": [
                "sha256:1e36490adc7bfcef1fdb21bb0306e93af99cff8ec2db199bd17e3bf009768c11",
                "sha256:b956b806439bbff10f726103a941266beb03fbe99f897c7d5e774d7170339ad9"
            ],
            "markers": "python_version >= '3.7'",
            "version": "==9.6"
        },
        "python-dateutil": {
            "hashes": [
                "sha256:0123cacc1627ae19ddf3c27a5de5bd67ee4586fbdd6440d9748f8abb483d3e86",
                "sha256:961d03dc3453ebbc59dbdea9e4e11c5651520a876d0f4db161e8674aae935da9"
            ],
            "markers": "python_version >= '2.7' and python_version not in '3.0, 3.1, 3.2, 3.3'",
            "version": "==2.8.2"
        },
        "pyyaml": {
            "hashes": [
                "sha256:06a0d7ba600ce0b2d2fe2e78453a470b5a6e000a985dd4a4e54e436cc36b0e97",
                "sha256:240097ff019d7c70a4922b6869d8a86407758333f02203e0fc6ff79c5dcede76",
                "sha256:4f4b913ca1a7319b33cfb1369e91e50354d6f07a135f3b901aca02aa95940bd2",
                "sha256:6034f55dab5fea9e53f436aa68fa3ace2634918e8b5994d82f3621c04ff5ed2e",
                "sha256:69f00dca373f240f842b2931fb2c7e14ddbacd1397d57157a9b005a6a9942648",
                "sha256:73f099454b799e05e5ab51423c7bcf361c58d3206fa7b0d555426b1f4d9a3eaf",
                "sha256:74809a57b329d6cc0fdccee6318f44b9b8649961fa73144a98735b0aaf029f1f",
                "sha256:7739fc0fa8205b3ee8808aea45e968bc90082c10aef6ea95e855e10abf4a37b2",
                "sha256:95f71d2af0ff4227885f7a6605c37fd53d3a106fcab511b8860ecca9fcf400ee",
                "sha256:ad9c67312c84def58f3c04504727ca879cb0013b2517c85a9a253f0cb6380c0a",
                "sha256:b8eac752c5e14d3eca0e6dd9199cd627518cb5ec06add0de9d32baeee6fe645d",
                "sha256:cc8955cfbfc7a115fa81d85284ee61147059a753344bc51098f3ccd69b0d7e0c",
                "sha256:d13155f591e6fcc1ec3b30685d50bf0711574e2c0dfffd7644babf8b5102ca1a"
            ],
            "index": "pypi",
            "version": "==5.3.1"
        },
        "regex": {
            "hashes": [
                "sha256:003a2e1449d425afc817b5f0b3d4c4aa9072dd5f3dfbf6c7631b8dc7b13233de",
                "sha256:0385d66e73cdd4462f3cc42c76a6576ddcc12472c30e02a2ae82061bff132c32",
                "sha256:0394265391a86e2bbaa7606e59ac71bd9f1edf8665a59e42771a9c9adbf6fd4f",
                "sha256:03ff695518482b946a6d3d4ce9cbbd99a21320e20d94913080aa3841f880abcd",
                "sha256:079c182f99c89524069b9cd96f5410d6af437e9dca576a7d59599a574972707e",
                "sha256:091efcfdd4178a7e19a23776dc2b1fafb4f57f4d94daf340f98335817056f874",
                "sha256:0b664a4d33ffc6be10996606dfc25fd3248c24cc589c0b139feb4c158053565e",
                "sha256:14216ea15efc13f28d0ef1c463d86d93ca7158a79cd4aec0f9273f6d4c6bb047",
                "sha256:14a7ab070fa3aec288076eed6ed828587b805ef83d37c9bfccc1a4a7cfbd8111",
                "sha256:14c71437ffb89479c89cc7022a5ea2075a842b728f37205e47c824cc17b30a42",
                "sha256:18e503b1e515a10282b3f14f1b3d856194ecece4250e850fad230842ed31227f",
                "sha256:19a4da6f513045f5ba00e491215bd00122e5bd131847586522463e5a6b2bd65f",
                "sha256:1a901ce5cd42658ab8f8eade51b71a6d26ad4b68c7cfc86b87efc577dfa95602",
                "sha256:26df88c9636a0c3f3bd9189dd435850a0c49d0b7d6e932500db3f99a6dd604d1",
                "sha256:2dda4b096a6f630d6531728a45bd12c67ec3badf44342046dc77d4897277d4f2",
                "sha256:322bd5572bed36a5b39952d88e072738926759422498a96df138d93384934ff8",
                "sha256:360ffbc9357794ae41336b681dff1c0463193199dfb91fcad3ec385ea4972f46",
                "sha256:37e5a26e76c46f54b3baf56a6fdd56df9db89758694516413757b7d127d4c57b",
                "sha256:3d64e1a7e6d98a4cdc8b29cb8d8ed38f73f49e55fbaa737bdb5933db99b9de22",
                "sha256:3f3b4594d564ed0b2f54463a9f328cf6a5b2a32610a90cdff778d6e3e561d08b",
                "sha256:4146cb7ae6029fc83b5c905ec6d806b7e5568dc14297c423e66b86294bad6c39",
                "sha256:4318f69b79f9f7d84a7420e97d4bfe872dc767c72f891d4fea5fa721c74685f7",
                "sha256:4cdbfa6d2befeaee0c899f19222e9b20fc5abbafe5e9c43a46ef819aeb7b75e5",
                "sha256:50e764ffbd08b06aa8c4e86b8b568b6722c75d301b33b259099f237c46b2134e",
                "sha256:518272f25da93e02af4f1e94985f5042cec21557ef3591027d0716f2adda5d0a",
                "sha256:592b9e2e1862168e71d9e612bfdc22c451261967dbd46681f14e76dfba7105fd",
                "sha256:59a786a55d00439d8fae4caaf71581f2aaef7297d04ee60345c3594efef5648a",
                "sha256:59bac44b5a07b08a261537f652c26993af9b1bbe2a29624473968dd42fc29d56",
                "sha256:5d0dd8b06896423211ce18fba0c75dacc49182a1d6514c004b535be7163dca0f",
                "sha256:67a4c625361db04ae40ef7c49d3cbe2c1f5ff10b5a4491327ab20f19f2fb5d40",
                "sha256:6adfe300848d61a470ec7547adc97b0ccf86de86a99e6830f1d8c8d19ecaf6b3",
                "sha256:6b32b45433df1fad7fed738fe15200b6516da888e0bd1fdd6aa5e50cc16b76bc",
                "sha256:6c57d50d4d5eb0c862569ca3c840eba2a73412f31d9ecc46ef0d6b2e621a592b",
                "sha256:6d43bd402b27e0e7eae85c612725ba1ce7798f20f6fab4e8bc3de4f263294f03",
                "sha256:6e521d9db006c5e4a0f8acfef738399f72b704913d4e083516774eb51645ad7c",
                "sha256:6fe1dd1021e0f8f3f454ce2811f1b0b148f2d25bb38c712fec00316551e93650",
                "sha256:73b985c9fc09a7896846e26d7b6f4d1fd5a20437055f4ef985d44729f9f928d0",
                "sha256:7681c49da1a2d4b905b4f53d86c9ba4506e79fba50c4a664d9516056e0f7dfcc",
                "sha256:77c2879d3ba51e5ca6c2b47f2dcf3d04a976a623a8fc8236010a16c9e0b0a3c7",
                "sha256:7b0c5cc3d1744a67c3b433dce91e5ef7c527d612354c1f1e8576d9e86bc5c5e2",
                "sha256:7fcf7f94ccad19186820ac67e2ec7e09e0ac2dac39689f11cf71eac580503296",
                "sha256:83cc32a1a2fa5bac00f4abc0e6ce142e3c05d3a6d57e23bd0f187c59b4e1e43b",
                "sha256:8418ee2cb857b83881b8f981e4c636bc50a0587b12d98cb9b947408a3c484fe7",
                "sha256:86df2049b18745f3cd4b0f4c4ef672bfac4b80ca488e6ecfd2bbfe68d2423a2c",
                "sha256:880dbeb6bdde7d926b4d8e41410b16ffcd4cb3b4c6d926280fea46e2615c7a01",
                "sha256:8aba0d01e3dfd335f2cb107079b07fdddb4cd7fb2d8c8a1986f9cb8ce9246c24",
                "sha256:8dcbcc9e72a791f622a32d17ff5011326a18996647509cac0609a7fc43adc229",
                "sha256:944567bb08f52268d8600ee5bdf1798b2b62ea002cc692a39cec113244cbdd0d",
                "sha256:995e70bb8c91d1b99ed2aaf8ec44863e06ad1dfbb45d7df95f76ef583ec323a9",
                "sha256:99945ddb4f379bb9831c05e9f80f02f079ba361a0fb1fba1fc3b267639b6bb2e",
                "sha256:9a165a05979e212b2c2d56a9f40b69c811c98a788964e669eb322de0a3e420b4",
                "sha256:9bc8edc5f8ef0ebb46f3fa0d02bd825bbe9cc63d59e428ffb6981ff9672f6de1",
                "sha256:a1aec4ae549fd7b3f52ceaf67e133010e2fba1538bf4d5fc5cd162a5e058d5df",
                "sha256:a1c4d17879dd4c4432c08a1ca1ab379f12ab54af569e945b6fc1c4cf6a74ca45",
                "sha256:a2b39ee3b280e15824298b97cec3f7cbbe6539d8282cc8a6047a455b9a72c598",
                "sha256:a2effeaf50a6838f3dd4d3c5d265f06eabc748f476e8441892645ae3a697e273",
                "sha256:a59d0377e58d96a6f11636e97992f5b51b7e1e89eb66332d1c01b35adbabfe8a",
                "sha256:a926339356fe29595f8e37af71db37cd87ff764e15da8ad5129bbaff35bcc5a6",
                "sha256:a9eb9558e1d0f78e07082d8a70d5c4d631c8dd75575fae92105df9e19c736730",
                "sha256:ab07934725e6f25c6f87465976cc69aef1141e86987af49d8c839c3ffd367c72",
                "sha256:ad75173349ad79f9d21e0d0896b27dcb37bfd233b09047bc0b4d226699cf5c87",
                "sha256:b7b701dbc124558fd2b1b08005eeca6c9160e209108fbcbd00091fcfac641ac7",
                "sha256:b7bee775ff05c9d519195bd9e8aaaccfe3971db60f89f89751ee0f234e8aeac5",
                "sha256:b86548b8234b2be3985dbc0b385e35f5038f0f3e6251464b827b83ebf4ed90e5",
                "sha256:b9d68eb704b24bc4d441b24e4a12653acd07d2c39940548761e0985a08bc1fff",
                "sha256:c0b7cb9598795b01f9a3dd3f770ab540889259def28a3bf9b2fa24d52edecba3",
                "sha256:cab548d6d972e1de584161487b2ac1aa82edd8430d1bde69587ba61698ad1cfb",
                "sha256:ce331b076b2b013e7d7f07157f957974ef0b0881a808e8a4a4b3b5105aee5d04",
                "sha256:cfa4c956ff0a977c4823cb3b930b0a4e82543b060733628fec7ab3eb9b1abe37",
                "sha256:d23ac6b4bf9e32fcde5fcdb2e1fd5e7370d6693fcac51ee1d340f0e886f50d1f",
                "sha256:d2885ec6eea629c648ecc9bde0837ec6b92208b7f36381689937fe5d64a517e8",
                "sha256:d2a1371dc73e921f3c2e087c05359050f3525a9a34b476ebc8130e71bec55e97",
                "sha256:d3102ab9bf16bf541ca228012d45d88d2a567c9682a805ae2c145a79d3141fdd",
                "sha256:d5b003d248e6f292475cd24b04e5f72c48412231961a675edcb653c70730e79e",
                "sha256:d5edd3eb877c9fc2e385173d4a4e1d792bf692d79e25c1ca391802d36ecfaa01",
                "sha256:d7430f041755801b712ec804aaf3b094b9b5facbaa93a6339812a8e00d7bd53a",
                "sha256:d837ccf3bd2474feabee96cd71144e991472e400ed26582edc8ca88ce259899c",
                "sha256:dab81cc4d58026861445230cfba27f9825e9223557926e7ec22156a1a140d55c",
                "sha256:db45016364eec9ddbb5af93c8740c5c92eb7f5fc8848d1ae04205a40a1a2efc6",
                "sha256:df8fe00b60e4717662c7f80c810ba66dcc77309183c76b7754c0dff6f1d42054",
                "sha256:e6e6e61e9a38b6cc60ca3e19caabc90261f070f23352e66307b3d21a24a34aaf",
                "sha256:ee7045623a5ace70f3765e452528b4c1f2ce669ed31959c63f54de64fe2f6ff7",
                "sha256:f06cc1190f3db3192ab8949e28f2c627e1809487e2cfc435b6524c1ce6a2f391",
                "sha256:f07373b6e56a6f3a0df3d75b651a278ca7bd357a796078a26a958ea1ce0588fd",
                "sha256:f6e0321921d2fdc082ef90c1fd0870f129c2e691bfdc4937dcb5cd308aba95c4",
                "sha256:f6e167d1ccd41d27b7b6655bb7a2dcb1b1eb1e0d2d662043470bd3b4315d8b2b",
                "sha256:fcbd1edff1473d90dc5cf4b52d355cf1f47b74eb7c85ba6e45f45d0116b8edbd",
                "sha256:fe428822b7a8c486bcd90b334e9ab541ce6cc0d6106993d59f201853e5e14121"
            ],
            "markers": "python_version >= '3.6'",
            "version": "==2022.9.13"
        },
        "six": {
            "hashes": [
                "sha256:1e61c37477a1626458e36f7b1d82aa5c9b094fa4802892072e49de9c60c4c926",
                "sha256:8abb2f1d86890a2dfb989f9a77cfcfd3e47c2a354b01111771326f8aa26e0254"
            ],
            "markers": "python_version >= '2.7' and python_version not in '3.0, 3.1, 3.2, 3.3'",
            "version": "==1.16.0"
        },
        "tornado": {
            "hashes": [
                "sha256:1d54d13ab8414ed44de07efecb97d4ef7c39f7438cf5e976ccd356bebb1b5fca",
                "sha256:20f638fd8cc85f3cbae3c732326e96addff0a15e22d80f049e00121651e82e72",
                "sha256:5c87076709343557ef8032934ce5f637dbb552efa7b21d08e89ae7619ed0eb23",
                "sha256:5f8c52d219d4995388119af7ccaa0bcec289535747620116a58d830e7c25d8a8",
                "sha256:6fdfabffd8dfcb6cf887428849d30cf19a3ea34c2c248461e1f7d718ad30b66b",
                "sha256:87dcafae3e884462f90c90ecc200defe5e580a7fbbb4365eda7c7c1eb809ebc9",
                "sha256:9b630419bde84ec666bfd7ea0a4cb2a8a651c2d5cccdbdd1972a0c859dfc3c13",
                "sha256:b8150f721c101abdef99073bf66d3903e292d851bee51910839831caba341a75",
                "sha256:ba09ef14ca9893954244fd872798b4ccb2367c165946ce2dd7376aebdde8e3ac",
                "sha256:d3a2f5999215a3a06a4fc218026cd84c61b8b2b40ac5296a6db1f1451ef04c1e",
                "sha256:e5f923aa6a47e133d1cf87d60700889d7eae68988704e20c75fb2d65677a8e4b"
            ],
            "markers": "python_version >= '3.7'",
            "version": "==6.2"
        },
        "tqdm": {
            "hashes": [
                "sha256:5f4f682a004951c1b450bc753c710e9280c5746ce6ffedee253ddbcbf54cf1e4",
                "sha256:6fee160d6ffcd1b1c68c65f14c829c22832bc401726335ce92c52d395944a6a1"
            ],
            "markers": "python_version >= '2.7' and python_version not in '3.0, 3.1, 3.2, 3.3'",
            "version": "==4.64.1"
        },
        "typeguard": {
            "hashes": [
                "sha256:00edaa8da3a133674796cf5ea87d9f4b4c367d77476e185e80251cc13dfbb8c4",
                "sha256:5e3e3be01e887e7eafae5af63d1f36c849aaa94e3a0112097312aabfa16284f1"
            ],
            "markers": "python_full_version >= '3.5.3'",
            "version": "==2.13.3"
        },
        "typing-extensions": {
            "hashes": [
                "sha256:25642c956049920a5aa49edcdd6ab1e06d7e5d467fc00e0506c44ac86fbfca02",
                "sha256:e6d2677a32f47fc7eb2795db1dd15c1f34eff616bcaf2cfb5e997f854fa1c4a6"
            ],
            "markers": "python_version >= '3.7'",
            "version": "==4.3.0"
        },
        "zipp": {
            "hashes": [
                "sha256:05b45f1ee8f807d0cc928485ca40a07cb491cf092ff587c0df9cb1fd154848d2",
                "sha256:47c40d7fe183a6f21403a199b3e4192cca5774656965b0a4988ad2f8feb5f009"
            ],
            "markers": "python_version >= '3.7'",
            "version": "==3.8.1"
        }
    },
    "develop": {}
}
